// !$*UTF8*$!
{
	archiveVersion = 1;
	classes = {
	};
	objectVersion = 56;
	objects = {

/* Begin PBXBuildFile section */
		389E08B02A73504F003D1EF7 /* CustomTableViewController.swift in Sources */ = {isa = PBXBuildFile; fileRef = 389E08AF2A73504F003D1EF7 /* CustomTableViewController.swift */; };
		389E08B22A73528E003D1EF7 /* CustomTableViewCell.swift in Sources */ = {isa = PBXBuildFile; fileRef = 389E08B12A73528E003D1EF7 /* CustomTableViewCell.swift */; };
		389E08B42A7389C9003D1EF7 /* ToDo.swift in Sources */ = {isa = PBXBuildFile; fileRef = 389E08B32A7389C9003D1EF7 /* ToDo.swift */; };
		389E08B62A738A1C003D1EF7 /* ToDoInformation.swift in Sources */ = {isa = PBXBuildFile; fileRef = 389E08B52A738A1C003D1EF7 /* ToDoInformation.swift */; };
		389E08B92A749850003D1EF7 /* Movie.storyboard in Resources */ = {isa = PBXBuildFile; fileRef = 389E08B82A749850003D1EF7 /* Movie.storyboard */; };
		389E08BB2A749AE3003D1EF7 /* MovieTableViewController.swift in Sources */ = {isa = PBXBuildFile; fileRef = 389E08BA2A749AE3003D1EF7 /* MovieTableViewController.swift */; };
		38D0F85D2A720009003D3A1E /* AppDelegate.swift in Sources */ = {isa = PBXBuildFile; fileRef = 38D0F85C2A720009003D3A1E /* AppDelegate.swift */; };
		38D0F85F2A720009003D3A1E /* SceneDelegate.swift in Sources */ = {isa = PBXBuildFile; fileRef = 38D0F85E2A720009003D3A1E /* SceneDelegate.swift */; };
		38D0F8612A720009003D3A1E /* ViewController.swift in Sources */ = {isa = PBXBuildFile; fileRef = 38D0F8602A720009003D3A1E /* ViewController.swift */; };
		38D0F8642A720009003D3A1E /* Main.storyboard in Resources */ = {isa = PBXBuildFile; fileRef = 38D0F8622A720009003D3A1E /* Main.storyboard */; };
		38D0F8662A72000A003D3A1E /* Assets.xcassets in Resources */ = {isa = PBXBuildFile; fileRef = 38D0F8652A72000A003D3A1E /* Assets.xcassets */; };
		38D0F8692A72000A003D3A1E /* LaunchScreen.storyboard in Resources */ = {isa = PBXBuildFile; fileRef = 38D0F8672A72000A003D3A1E /* LaunchScreen.storyboard */; };
		38D0F8712A720FF2003D3A1E /* TodoTableViewController.swift in Sources */ = {isa = PBXBuildFile; fileRef = 38D0F8702A720FF2003D3A1E /* TodoTableViewController.swift */; };
		38D0F8732A7232D9003D3A1E /* StudyTableViewController.swift in Sources */ = {isa = PBXBuildFile; fileRef = 38D0F8722A7232D9003D3A1E /* StudyTableViewController.swift */; };
		38D0F8772A72498B003D3A1E /* Extension.swift in Sources */ = {isa = PBXBuildFile; fileRef = 38D0F8762A72498B003D3A1E /* Extension.swift */; };
		A12C2CA22A72B6EC00828038 /* Setting.storyboard in Resources */ = {isa = PBXBuildFile; fileRef = A12C2CA12A72B6EC00828038 /* Setting.storyboard */; };
		A12C2CA52A72C31200828038 /* SettingTableViewController.swift in Sources */ = {isa = PBXBuildFile; fileRef = A12C2CA42A72C31200828038 /* SettingTableViewController.swift */; };
		A12C2CA92A72D9EC00828038 /* ShoppingTableViewController.swift in Sources */ = {isa = PBXBuildFile; fileRef = A12C2CA82A72D9EC00828038 /* ShoppingTableViewController.swift */; };
/* End PBXBuildFile section */

/* Begin PBXFileReference section */
		389E08AF2A73504F003D1EF7 /* CustomTableViewController.swift */ = {isa = PBXFileReference; lastKnownFileType = sourcecode.swift; path = CustomTableViewController.swift; sourceTree = "<group>"; };
		389E08B12A73528E003D1EF7 /* CustomTableViewCell.swift */ = {isa = PBXFileReference; lastKnownFileType = sourcecode.swift; path = CustomTableViewCell.swift; sourceTree = "<group>"; };
		389E08B32A7389C9003D1EF7 /* ToDo.swift */ = {isa = PBXFileReference; lastKnownFileType = sourcecode.swift; path = ToDo.swift; sourceTree = "<group>"; };
		389E08B52A738A1C003D1EF7 /* ToDoInformation.swift */ = {isa = PBXFileReference; lastKnownFileType = sourcecode.swift; path = ToDoInformation.swift; sourceTree = "<group>"; };
		389E08B82A749850003D1EF7 /* Movie.storyboard */ = {isa = PBXFileReference; lastKnownFileType = file.storyboard; path = Movie.storyboard; sourceTree = "<group>"; };
		389E08BA2A749AE3003D1EF7 /* MovieTableViewController.swift */ = {isa = PBXFileReference; lastKnownFileType = sourcecode.swift; path = MovieTableViewController.swift; sourceTree = "<group>"; };
		38D0F8592A720009003D3A1E /* SeSacWeek3.app */ = {isa = PBXFileReference; explicitFileType = wrapper.application; includeInIndex = 0; path = SeSacWeek3.app; sourceTree = BUILT_PRODUCTS_DIR; };
		38D0F85C2A720009003D3A1E /* AppDelegate.swift */ = {isa = PBXFileReference; lastKnownFileType = sourcecode.swift; path = AppDelegate.swift; sourceTree = "<group>"; };
		38D0F85E2A720009003D3A1E /* SceneDelegate.swift */ = {isa = PBXFileReference; lastKnownFileType = sourcecode.swift; path = SceneDelegate.swift; sourceTree = "<group>"; };
		38D0F8602A720009003D3A1E /* ViewController.swift */ = {isa = PBXFileReference; lastKnownFileType = sourcecode.swift; path = ViewController.swift; sourceTree = "<group>"; };
		38D0F8632A720009003D3A1E /* Base */ = {isa = PBXFileReference; lastKnownFileType = file.storyboard; name = Base; path = Base.lproj/Main.storyboard; sourceTree = "<group>"; };
		38D0F8652A72000A003D3A1E /* Assets.xcassets */ = {isa = PBXFileReference; lastKnownFileType = folder.assetcatalog; path = Assets.xcassets; sourceTree = "<group>"; };
		38D0F8682A72000A003D3A1E /* Base */ = {isa = PBXFileReference; lastKnownFileType = file.storyboard; name = Base; path = Base.lproj/LaunchScreen.storyboard; sourceTree = "<group>"; };
		38D0F86A2A72000A003D3A1E /* Info.plist */ = {isa = PBXFileReference; lastKnownFileType = text.plist.xml; path = Info.plist; sourceTree = "<group>"; };
		38D0F8702A720FF2003D3A1E /* TodoTableViewController.swift */ = {isa = PBXFileReference; lastKnownFileType = sourcecode.swift; path = TodoTableViewController.swift; sourceTree = "<group>"; };
		38D0F8722A7232D9003D3A1E /* StudyTableViewController.swift */ = {isa = PBXFileReference; lastKnownFileType = sourcecode.swift; path = StudyTableViewController.swift; sourceTree = "<group>"; };
		38D0F8762A72498B003D3A1E /* Extension.swift */ = {isa = PBXFileReference; lastKnownFileType = sourcecode.swift; path = Extension.swift; sourceTree = "<group>"; };
		A12C2CA12A72B6EC00828038 /* Setting.storyboard */ = {isa = PBXFileReference; lastKnownFileType = file.storyboard; path = Setting.storyboard; sourceTree = "<group>"; };
		A12C2CA42A72C31200828038 /* SettingTableViewController.swift */ = {isa = PBXFileReference; lastKnownFileType = sourcecode.swift; path = SettingTableViewController.swift; sourceTree = "<group>"; };
		A12C2CA82A72D9EC00828038 /* ShoppingTableViewController.swift */ = {isa = PBXFileReference; lastKnownFileType = sourcecode.swift; path = ShoppingTableViewController.swift; sourceTree = "<group>"; };
/* End PBXFileReference section */

/* Begin PBXFrameworksBuildPhase section */
		38D0F8562A720009003D3A1E /* Frameworks */ = {
			isa = PBXFrameworksBuildPhase;
			buildActionMask = 2147483647;
			files = (
			);
			runOnlyForDeploymentPostprocessing = 0;
		};
/* End PBXFrameworksBuildPhase section */

/* Begin PBXGroup section */
		389E08AE2A7345D7003D1EF7 /* Lectures */ = {
			isa = PBXGroup;
			children = (
				38D0F8622A720009003D3A1E /* Main.storyboard */,
				389E08AF2A73504F003D1EF7 /* CustomTableViewController.swift */,
				389E08B12A73528E003D1EF7 /* CustomTableViewCell.swift */,
				389E08B32A7389C9003D1EF7 /* ToDo.swift */,
				38D0F8702A720FF2003D3A1E /* TodoTableViewController.swift */,
				389E08B52A738A1C003D1EF7 /* ToDoInformation.swift */,
				38D0F8722A7232D9003D3A1E /* StudyTableViewController.swift */,
				38D0F8762A72498B003D3A1E /* Extension.swift */,
			);
			path = Lectures;
			sourceTree = "<group>";
		};
		38D0F8502A720009003D3A1E = {
			isa = PBXGroup;
			children = (
				38D0F85B2A720009003D3A1E /* SeSacWeek3 */,
				38D0F85A2A720009003D3A1E /* Products */,
			);
			sourceTree = "<group>";
		};
		38D0F85A2A720009003D3A1E /* Products */ = {
			isa = PBXGroup;
			children = (
				38D0F8592A720009003D3A1E /* SeSacWeek3.app */,
			);
			name = Products;
			sourceTree = "<group>";
		};
		38D0F85B2A720009003D3A1E /* SeSacWeek3 */ = {
			isa = PBXGroup;
			children = (
				389E08AE2A7345D7003D1EF7 /* Lectures */,
				A12C2CA32A72B92E00828038 /* Assignments */,
				38D0F85C2A720009003D3A1E /* AppDelegate.swift */,
				38D0F85E2A720009003D3A1E /* SceneDelegate.swift */,
				38D0F8602A720009003D3A1E /* ViewController.swift */,
				38D0F8652A72000A003D3A1E /* Assets.xcassets */,
				38D0F8672A72000A003D3A1E /* LaunchScreen.storyboard */,
				38D0F86A2A72000A003D3A1E /* Info.plist */,
			);
			path = SeSacWeek3;
			sourceTree = "<group>";
		};
		A12C2CA32A72B92E00828038 /* Assignments */ = {
			isa = PBXGroup;
			children = (
				A12C2CA12A72B6EC00828038 /* Setting.storyboard */,
				389E08B82A749850003D1EF7 /* Movie.storyboard */,
				389E08BA2A749AE3003D1EF7 /* MovieTableViewController.swift */,
				A12C2CA42A72C31200828038 /* SettingTableViewController.swift */,
				A12C2CA82A72D9EC00828038 /* ShoppingTableViewController.swift */,
			);
			path = Assignments;
			sourceTree = "<group>";
		};
/* End PBXGroup section */

/* Begin PBXNativeTarget section */
		38D0F8582A720009003D3A1E /* SeSacWeek3 */ = {
			isa = PBXNativeTarget;
			buildConfigurationList = 38D0F86D2A72000A003D3A1E /* Build configuration list for PBXNativeTarget "SeSacWeek3" */;
			buildPhases = (
				38D0F8552A720009003D3A1E /* Sources */,
				38D0F8562A720009003D3A1E /* Frameworks */,
				38D0F8572A720009003D3A1E /* Resources */,
			);
			buildRules = (
			);
			dependencies = (
			);
			name = SeSacWeek3;
			productName = SeSacWeek3;
			productReference = 38D0F8592A720009003D3A1E /* SeSacWeek3.app */;
			productType = "com.apple.product-type.application";
		};
/* End PBXNativeTarget section */

/* Begin PBXProject section */
		38D0F8512A720009003D3A1E /* Project object */ = {
			isa = PBXProject;
			attributes = {
				BuildIndependentTargetsInParallel = 1;
				LastSwiftUpdateCheck = 1430;
				LastUpgradeCheck = 1430;
				TargetAttributes = {
					38D0F8582A720009003D3A1E = {
						CreatedOnToolsVersion = 14.3.1;
					};
				};
			};
			buildConfigurationList = 38D0F8542A720009003D3A1E /* Build configuration list for PBXProject "SeSacWeek3" */;
			compatibilityVersion = "Xcode 14.0";
			developmentRegion = en;
			hasScannedForEncodings = 0;
			knownRegions = (
				en,
				Base,
			);
			mainGroup = 38D0F8502A720009003D3A1E;
			productRefGroup = 38D0F85A2A720009003D3A1E /* Products */;
			projectDirPath = "";
			projectRoot = "";
			targets = (
				38D0F8582A720009003D3A1E /* SeSacWeek3 */,
			);
		};
/* End PBXProject section */

/* Begin PBXResourcesBuildPhase section */
		38D0F8572A720009003D3A1E /* Resources */ = {
			isa = PBXResourcesBuildPhase;
			buildActionMask = 2147483647;
			files = (
				389E08B92A749850003D1EF7 /* Movie.storyboard in Resources */,
				38D0F8692A72000A003D3A1E /* LaunchScreen.storyboard in Resources */,
				38D0F8662A72000A003D3A1E /* Assets.xcassets in Resources */,
				38D0F8642A720009003D3A1E /* Main.storyboard in Resources */,
				A12C2CA22A72B6EC00828038 /* Setting.storyboard in Resources */,
			);
			runOnlyForDeploymentPostprocessing = 0;
		};
/* End PBXResourcesBuildPhase section */

/* Begin PBXSourcesBuildPhase section */
		38D0F8552A720009003D3A1E /* Sources */ = {
			isa = PBXSourcesBuildPhase;
			buildActionMask = 2147483647;
			files = (
				A12C2CA52A72C31200828038 /* SettingTableViewController.swift in Sources */,
				A12C2CA92A72D9EC00828038 /* ShoppingTableViewController.swift in Sources */,
				38D0F8612A720009003D3A1E /* ViewController.swift in Sources */,
				389E08B42A7389C9003D1EF7 /* ToDo.swift in Sources */,
				389E08B62A738A1C003D1EF7 /* ToDoInformation.swift in Sources */,
				38D0F8712A720FF2003D3A1E /* TodoTableViewController.swift in Sources */,
				38D0F8732A7232D9003D3A1E /* StudyTableViewController.swift in Sources */,
				38D0F8772A72498B003D3A1E /* Extension.swift in Sources */,
				389E08BB2A749AE3003D1EF7 /* MovieTableViewController.swift in Sources */,
				389E08B22A73528E003D1EF7 /* CustomTableViewCell.swift in Sources */,
				38D0F85D2A720009003D3A1E /* AppDelegate.swift in Sources */,
				389E08B02A73504F003D1EF7 /* CustomTableViewController.swift in Sources */,
				38D0F85F2A720009003D3A1E /* SceneDelegate.swift in Sources */,
			);
			runOnlyForDeploymentPostprocessing = 0;
		};
/* End PBXSourcesBuildPhase section */

/* Begin PBXVariantGroup section */
		38D0F8622A720009003D3A1E /* Main.storyboard */ = {
			isa = PBXVariantGroup;
			children = (
				38D0F8632A720009003D3A1E /* Base */,
			);
			name = Main.storyboard;
			sourceTree = "<group>";
		};
		38D0F8672A72000A003D3A1E /* LaunchScreen.storyboard */ = {
			isa = PBXVariantGroup;
			children = (
				38D0F8682A72000A003D3A1E /* Base */,
			);
			name = LaunchScreen.storyboard;
			sourceTree = "<group>";
		};
/* End PBXVariantGroup section */

/* Begin XCBuildConfiguration section */
		38D0F86B2A72000A003D3A1E /* Debug */ = {
			isa = XCBuildConfiguration;
			buildSettings = {
				ALWAYS_SEARCH_USER_PATHS = NO;
				CLANG_ANALYZER_NONNULL = YES;
				CLANG_ANALYZER_NUMBER_OBJECT_CONVERSION = YES_AGGRESSIVE;
				CLANG_CXX_LANGUAGE_STANDARD = "gnu++20";
				CLANG_ENABLE_MODULES = YES;
				CLANG_ENABLE_OBJC_ARC = YES;
				CLANG_ENABLE_OBJC_WEAK = YES;
				CLANG_WARN_BLOCK_CAPTURE_AUTORELEASING = YES;
				CLANG_WARN_BOOL_CONVERSION = YES;
				CLANG_WARN_COMMA = YES;
				CLANG_WARN_CONSTANT_CONVERSION = YES;
				CLANG_WARN_DEPRECATED_OBJC_IMPLEMENTATIONS = YES;
				CLANG_WARN_DIRECT_OBJC_ISA_USAGE = YES_ERROR;
				CLANG_WARN_DOCUMENTATION_COMMENTS = YES;
				CLANG_WARN_EMPTY_BODY = YES;
				CLANG_WARN_ENUM_CONVERSION = YES;
				CLANG_WARN_INFINITE_RECURSION = YES;
				CLANG_WARN_INT_CONVERSION = YES;
				CLANG_WARN_NON_LITERAL_NULL_CONVERSION = YES;
				CLANG_WARN_OBJC_IMPLICIT_RETAIN_SELF = YES;
				CLANG_WARN_OBJC_LITERAL_CONVERSION = YES;
				CLANG_WARN_OBJC_ROOT_CLASS = YES_ERROR;
				CLANG_WARN_QUOTED_INCLUDE_IN_FRAMEWORK_HEADER = YES;
				CLANG_WARN_RANGE_LOOP_ANALYSIS = YES;
				CLANG_WARN_STRICT_PROTOTYPES = YES;
				CLANG_WARN_SUSPICIOUS_MOVE = YES;
				CLANG_WARN_UNGUARDED_AVAILABILITY = YES_AGGRESSIVE;
				CLANG_WARN_UNREACHABLE_CODE = YES;
				CLANG_WARN__DUPLICATE_METHOD_MATCH = YES;
				COPY_PHASE_STRIP = NO;
				DEBUG_INFORMATION_FORMAT = dwarf;
				ENABLE_STRICT_OBJC_MSGSEND = YES;
				ENABLE_TESTABILITY = YES;
				GCC_C_LANGUAGE_STANDARD = gnu11;
				GCC_DYNAMIC_NO_PIC = NO;
				GCC_NO_COMMON_BLOCKS = YES;
				GCC_OPTIMIZATION_LEVEL = 0;
				GCC_PREPROCESSOR_DEFINITIONS = (
					"DEBUG=1",
					"$(inherited)",
				);
				GCC_WARN_64_TO_32_BIT_CONVERSION = YES;
				GCC_WARN_ABOUT_RETURN_TYPE = YES_ERROR;
				GCC_WARN_UNDECLARED_SELECTOR = YES;
				GCC_WARN_UNINITIALIZED_AUTOS = YES_AGGRESSIVE;
				GCC_WARN_UNUSED_FUNCTION = YES;
				GCC_WARN_UNUSED_VARIABLE = YES;
				IPHONEOS_DEPLOYMENT_TARGET = 16.4;
				MTL_ENABLE_DEBUG_INFO = INCLUDE_SOURCE;
				MTL_FAST_MATH = YES;
				ONLY_ACTIVE_ARCH = YES;
				SDKROOT = iphoneos;
				SWIFT_ACTIVE_COMPILATION_CONDITIONS = DEBUG;
				SWIFT_OPTIMIZATION_LEVEL = "-Onone";
			};
			name = Debug;
		};
		38D0F86C2A72000A003D3A1E /* Release */ = {
			isa = XCBuildConfiguration;
			buildSettings = {
				ALWAYS_SEARCH_USER_PATHS = NO;
				CLANG_ANALYZER_NONNULL = YES;
				CLANG_ANALYZER_NUMBER_OBJECT_CONVERSION = YES_AGGRESSIVE;
				CLANG_CXX_LANGUAGE_STANDARD = "gnu++20";
				CLANG_ENABLE_MODULES = YES;
				CLANG_ENABLE_OBJC_ARC = YES;
				CLANG_ENABLE_OBJC_WEAK = YES;
				CLANG_WARN_BLOCK_CAPTURE_AUTORELEASING = YES;
				CLANG_WARN_BOOL_CONVERSION = YES;
				CLANG_WARN_COMMA = YES;
				CLANG_WARN_CONSTANT_CONVERSION = YES;
				CLANG_WARN_DEPRECATED_OBJC_IMPLEMENTATIONS = YES;
				CLANG_WARN_DIRECT_OBJC_ISA_USAGE = YES_ERROR;
				CLANG_WARN_DOCUMENTATION_COMMENTS = YES;
				CLANG_WARN_EMPTY_BODY = YES;
				CLANG_WARN_ENUM_CONVERSION = YES;
				CLANG_WARN_INFINITE_RECURSION = YES;
				CLANG_WARN_INT_CONVERSION = YES;
				CLANG_WARN_NON_LITERAL_NULL_CONVERSION = YES;
				CLANG_WARN_OBJC_IMPLICIT_RETAIN_SELF = YES;
				CLANG_WARN_OBJC_LITERAL_CONVERSION = YES;
				CLANG_WARN_OBJC_ROOT_CLASS = YES_ERROR;
				CLANG_WARN_QUOTED_INCLUDE_IN_FRAMEWORK_HEADER = YES;
				CLANG_WARN_RANGE_LOOP_ANALYSIS = YES;
				CLANG_WARN_STRICT_PROTOTYPES = YES;
				CLANG_WARN_SUSPICIOUS_MOVE = YES;
				CLANG_WARN_UNGUARDED_AVAILABILITY = YES_AGGRESSIVE;
				CLANG_WARN_UNREACHABLE_CODE = YES;
				CLANG_WARN__DUPLICATE_METHOD_MATCH = YES;
				COPY_PHASE_STRIP = NO;
				DEBUG_INFORMATION_FORMAT = "dwarf-with-dsym";
				ENABLE_NS_ASSERTIONS = NO;
				ENABLE_STRICT_OBJC_MSGSEND = YES;
				GCC_C_LANGUAGE_STANDARD = gnu11;
				GCC_NO_COMMON_BLOCKS = YES;
				GCC_WARN_64_TO_32_BIT_CONVERSION = YES;
				GCC_WARN_ABOUT_RETURN_TYPE = YES_ERROR;
				GCC_WARN_UNDECLARED_SELECTOR = YES;
				GCC_WARN_UNINITIALIZED_AUTOS = YES_AGGRESSIVE;
				GCC_WARN_UNUSED_FUNCTION = YES;
				GCC_WARN_UNUSED_VARIABLE = YES;
				IPHONEOS_DEPLOYMENT_TARGET = 16.4;
				MTL_ENABLE_DEBUG_INFO = NO;
				MTL_FAST_MATH = YES;
				SDKROOT = iphoneos;
				SWIFT_COMPILATION_MODE = wholemodule;
				SWIFT_OPTIMIZATION_LEVEL = "-O";
				VALIDATE_PRODUCT = YES;
			};
			name = Release;
		};
		38D0F86E2A72000A003D3A1E /* Debug */ = {
			isa = XCBuildConfiguration;
			buildSettings = {
				ASSETCATALOG_COMPILER_APPICON_NAME = AppIcon;
				ASSETCATALOG_COMPILER_GLOBAL_ACCENT_COLOR_NAME = AccentColor;
				CODE_SIGN_STYLE = Automatic;
				CURRENT_PROJECT_VERSION = 1;
				DEVELOPMENT_TEAM = 3UNP2C529F;
				GENERATE_INFOPLIST_FILE = YES;
				INFOPLIST_FILE = SeSacWeek3/Info.plist;
				INFOPLIST_KEY_UIApplicationSupportsIndirectInputEvents = YES;
				INFOPLIST_KEY_UILaunchStoryboardName = LaunchScreen;
				INFOPLIST_KEY_UIMainStoryboardFile = Main;
				INFOPLIST_KEY_UISupportedInterfaceOrientations = UIInterfaceOrientationPortrait;
				INFOPLIST_KEY_UISupportedInterfaceOrientations_iPad = "UIInterfaceOrientationLandscapeLeft UIInterfaceOrientationLandscapeRight UIInterfaceOrientationPortrait UIInterfaceOrientationPortraitUpsideDown";
				IPHONEOS_DEPLOYMENT_TARGET = 16.0;
				LD_RUNPATH_SEARCH_PATHS = (
					"$(inherited)",
					"@executable_path/Frameworks",
				);
				MARKETING_VERSION = 1.0;
				PRODUCT_BUNDLE_IDENTIFIER = com.andyarchive.SeSacWeek3;
				PRODUCT_NAME = "$(TARGET_NAME)";
				SUPPORTED_PLATFORMS = "iphoneos iphonesimulator";
				SUPPORTS_MACCATALYST = NO;
				SUPPORTS_MAC_DESIGNED_FOR_IPHONE_IPAD = NO;
				SWIFT_EMIT_LOC_STRINGS = YES;
				SWIFT_VERSION = 5.0;
				TARGETED_DEVICE_FAMILY = 1;
			};
			name = Debug;
		};
		38D0F86F2A72000A003D3A1E /* Release */ = {
			isa = XCBuildConfiguration;
			buildSettings = {
				ASSETCATALOG_COMPILER_APPICON_NAME = AppIcon;
				ASSETCATALOG_COMPILER_GLOBAL_ACCENT_COLOR_NAME = AccentColor;
				CODE_SIGN_STYLE = Automatic;
				CURRENT_PROJECT_VERSION = 1;
				DEVELOPMENT_TEAM = 3UNP2C529F;
				GENERATE_INFOPLIST_FILE = YES;
				INFOPLIST_FILE = SeSacWeek3/Info.plist;
				INFOPLIST_KEY_UIApplicationSupportsIndirectInputEvents = YES;
				INFOPLIST_KEY_UILaunchStoryboardName = LaunchScreen;
				INFOPLIST_KEY_UIMainStoryboardFile = Main;
				INFOPLIST_KEY_UISupportedInterfaceOrientations = UIInterfaceOrientationPortrait;
				INFOPLIST_KEY_UISupportedInterfaceOrientations_iPad = "UIInterfaceOrientationLandscapeLeft UIInterfaceOrientationLandscapeRight UIInterfaceOrientationPortrait UIInterfaceOrientationPortraitUpsideDown";
				IPHONEOS_DEPLOYMENT_TARGET = 16.0;
				LD_RUNPATH_SEARCH_PATHS = (
					"$(inherited)",
					"@executable_path/Frameworks",
				);
				MARKETING_VERSION = 1.0;
				PRODUCT_BUNDLE_IDENTIFIER = com.andyarchive.SeSacWeek3;
				PRODUCT_NAME = "$(TARGET_NAME)";
				SUPPORTED_PLATFORMS = "iphoneos iphonesimulator";
				SUPPORTS_MACCATALYST = NO;
				SUPPORTS_MAC_DESIGNED_FOR_IPHONE_IPAD = NO;
				SWIFT_EMIT_LOC_STRINGS = YES;
				SWIFT_VERSION = 5.0;
				TARGETED_DEVICE_FAMILY = 1;
			};
			name = Release;
		};
/* End XCBuildConfiguration section */

/* Begin XCConfigurationList section */
		38D0F8542A720009003D3A1E /* Build configuration list for PBXProject "SeSacWeek3" */ = {
			isa = XCConfigurationList;
			buildConfigurations = (
				38D0F86B2A72000A003D3A1E /* Debug */,
				38D0F86C2A72000A003D3A1E /* Release */,
			);
			defaultConfigurationIsVisible = 0;
			defaultConfigurationName = Release;
		};
		38D0F86D2A72000A003D3A1E /* Build configuration list for PBXNativeTarget "SeSacWeek3" */ = {
			isa = XCConfigurationList;
			buildConfigurations = (
				38D0F86E2A72000A003D3A1E /* Debug */,
				38D0F86F2A72000A003D3A1E /* Release */,
			);
			defaultConfigurationIsVisible = 0;
			defaultConfigurationName = Release;
		};
/* End XCConfigurationList section */
	};
	rootObject = 38D0F8512A720009003D3A1E /* Project object */;
}
